
Microsoft Visual Studio Solution File, Format Version 12.00
# Visual Studio Version 17
VisualStudioVersion = 17.3.32825.248
MinimumVisualStudioVersion = 10.0.40219.1
Project("{8BC9CEB8-8B4A-11D0-8D11-00A0C91BC942}") = "Project 2", "Project 2\Project 2.vcxproj", "{73687470-FDF8-446C-9DC6-56F9F3962A31}"
EndProject
Global
	GlobalSection(SolutionConfigurationPlatforms) = preSolution
		Debug|x64 = Debug|x64
		Release|x64 = Release|x64
	EndGlobalSection
	GlobalSection(ProjectConfigurationPlatforms) = postSolution
		{73687470-FDF8-446C-9DC6-56F9F3962A31}.Debug|x64.ActiveCfg = Debug|x64
		{73687470-FDF8-446C-9DC6-56F9F3962A31}.Debug|x64.Build.0 = Debug|x64
		{73687470-FDF8-446C-9DC6-56F9F3962A31}.Release|x64.ActiveCfg = Release|x64
		{73687470-FDF8-446C-9DC6-56F9F3962A31}.Release|x64.Build.0 = Release|x64
	EndGlobalSection
	GlobalSection(SolutionProperties) = preSolution
		HideSolutionNode = FALSE
	EndGlobalSection
	GlobalSection(ExtensibilityGlobals) = postSolution
		SolutionGuid = {7FF3C3D9-D2D7-4967-90B7-4C096CA0CC39}
	EndGlobalSection
EndGlobal
