<?xml version="1.0" encoding="utf-8"?>
<Project ToolsVersion="4.0" xmlns="http://schemas.microsoft.com/developer/msbuild/2003">
  <ItemGroup>
    <Filter Include="Source Files">
      <UniqueIdentifier>{4FC737F1-C7A5-4376-A066-2A32D752A2FF}</UniqueIdentifier>
      <Extensions>qml;cpp;c;cc;cxx;def;odl;idl;hpj;bat;asm;asmx</Extensions>
    </Filter>
    <Filter Include="Source Files\Menus">
      <UniqueIdentifier>{b649deb1-4474-4da8-b03b-8f36b8db8850}</UniqueIdentifier>
    </Filter>
    <Filter Include="Source Files\Menus\Main">
      <UniqueIdentifier>{c35134cf-7831-4e3d-8164-887ff22e1878}</UniqueIdentifier>
    </Filter>
    <Filter Include="Source Files\Database">
      <UniqueIdentifier>{b8e52f61-c85d-4e45-861a-eb3878ed43f5}</UniqueIdentifier>
    </Filter>
    <Filter Include="Source Files\Structs">
      <UniqueIdentifier>{78a82e05-a12a-4b2c-95ab-1a21798ec958}</UniqueIdentifier>
    </Filter>
    <Filter Include="Header Files">
      <UniqueIdentifier>{32a1990c-98e5-47fd-a41c-65b5eae3dfac}</UniqueIdentifier>
    </Filter>
    <Filter Include="Source Files\Menus\Display">
      <UniqueIdentifier>{de58029d-b9e9-4c25-8d8f-94f004e9dab1}</UniqueIdentifier>
    </Filter>
    <Filter Include="Source Files\Menus\Maintenance">
      <UniqueIdentifier>{9544ed5f-1a2c-4e1b-8336-5cc56b4b2a87}</UniqueIdentifier>
    </Filter>
    <Filter Include="Source Files\Menus\Plan">
      <UniqueIdentifier>{4ef40faf-80ab-4c97-a3d2-d1cd3d8083ad}</UniqueIdentifier>
    </Filter>
    <Filter Include="Source Files\Menus\Display\DisplayTeams">
      <UniqueIdentifier>{242509d0-b84b-480e-90e6-13617f0c1799}</UniqueIdentifier>
    </Filter>
    <Filter Include="Source Files\Widgets">
      <UniqueIdentifier>{0cc3b82a-d29f-427d-9d7c-0ab389dee39e}</UniqueIdentifier>
    </Filter>
    <Filter Include="Source Files\Menus\Display\DisplaySorted">
      <UniqueIdentifier>{22e47260-15d5-4b4c-b26c-1e4e13fa3bf4}</UniqueIdentifier>
    </Filter>
    <Filter Include="Source Files\Widgets\SortedList">
      <UniqueIdentifier>{3bb088c6-6c4f-45ea-b6f3-7a149f0d5d93}</UniqueIdentifier>
    </Filter>
    <Filter Include="Source Files\Widgets\TotalCount">
      <UniqueIdentifier>{8e8f19c8-bc6c-4096-867b-d6bd8a2bceb4}</UniqueIdentifier>
    </Filter>
    <Filter Include="Source Files\Menus\Display\DisplaySouvenirs">
      <UniqueIdentifier>{446a9e05-db17-4a27-a10a-4449b07cfc9d}</UniqueIdentifier>
    </Filter>
    <Filter Include="Source Files\Widgets\SouvenirList">
      <UniqueIdentifier>{fd7321e3-4fa2-446f-8de7-f72ff19436aa}</UniqueIdentifier>
    </Filter>
    <Filter Include="Source Files\Menus\Display\DisplayDistances">
      <UniqueIdentifier>{fdad4cd4-05fc-4711-ad26-759781d0893c}</UniqueIdentifier>
    </Filter>
    <Filter Include="Source Files\Widgets\DistanceList">
      <UniqueIdentifier>{637b059f-426e-4709-8138-c353848f197f}</UniqueIdentifier>
    </Filter>
    <Filter Include="Source Files\Menus\Plan\Graph">
      <UniqueIdentifier>{32aafe19-a0f4-4702-9c5f-9a8c88665486}</UniqueIdentifier>
    </Filter>
    <Filter Include="Source Files\Menus\Plan\DisplayDFS">
      <UniqueIdentifier>{77b917ac-f34c-4670-a879-5456da28b627}</UniqueIdentifier>
    </Filter>
    <Filter Include="Source Files\Widgets\DFSList">
      <UniqueIdentifier>{85fbec63-8717-48a2-9eb9-ce24441addac}</UniqueIdentifier>
    </Filter>
    <Filter Include="Source Files\Menus\Plan\PlanTrip">
      <UniqueIdentifier>{3555ce19-a624-476e-83ad-f68c128fd865}</UniqueIdentifier>
    </Filter>
    <Filter Include="Source Files\Widgets\TeamDistanceList">
      <UniqueIdentifier>{48369db6-b303-4c7a-9d72-c77f4533b6ad}</UniqueIdentifier>
    </Filter>
    <Filter Include="Source Files\Widgets\AddTeamSouvenirs">
      <UniqueIdentifier>{2c7bfbee-7c80-4b4e-b8e0-fcc77c6d04c6}</UniqueIdentifier>
    </Filter>
    <Filter Include="Source Files\Widgets\AddTeamSouvenirs\W_NewSouvenir">
      <UniqueIdentifier>{998043e7-ebb3-4604-9859-a4df161a00d0}</UniqueIdentifier>
    </Filter>
    <Filter Include="Source Files\Widgets\AddTeamSouvenirs\W_SelectSouvenir">
      <UniqueIdentifier>{cb344d3f-ff2b-4c8d-b305-e5577ce3f989}</UniqueIdentifier>
    </Filter>
    <Filter Include="Source Files\Widgets\TeamToggle">
      <UniqueIdentifier>{4b8336a4-dbd7-4bb3-ba36-c0c6540de797}</UniqueIdentifier>
    </Filter>
    <Filter Include="Source Files\Menus\Plan\DisplayBFS">
      <UniqueIdentifier>{65ef9bc4-f382-4ecd-a94c-313171346e31}</UniqueIdentifier>
    </Filter>
    <Filter Include="Source Files\Widgets\BFSList">
      <UniqueIdentifier>{e2288f0c-595f-453c-9e3e-39073a87489f}</UniqueIdentifier>
    </Filter>
    <Filter Include="Source Files\Widgets\TeamsList">
      <UniqueIdentifier>{c51ebb49-fe4a-4d01-bff5-3cdee055fb22}</UniqueIdentifier>
    </Filter>
  </ItemGroup>
  <ItemGroup>
    <ClCompile Include="main.cpp">
      <Filter>Source Files\Menus\Main</Filter>
    </ClCompile>
    <ClCompile Include="NFLProject.cpp">
      <Filter>Source Files\Menus\Main</Filter>
    </ClCompile>
    <ClCompile Include="Database.cpp">
      <Filter>Source Files\Database</Filter>
    </ClCompile>
    <ClCompile Include="W_TeamsList.cpp">
      <Filter>Source Files\Widgets\TeamsList</Filter>
    </ClCompile>
    <ClCompile Include="DisplayTeams.cpp">
      <Filter>Source Files\Menus\Display\DisplayTeams</Filter>
    </ClCompile>
    <ClCompile Include="DisplaySorted.cpp">
      <Filter>Source Files\Menus\Display\DisplaySorted</Filter>
    </ClCompile>
    <ClCompile Include="W_SortedList.cpp">
      <Filter>Source Files\Widgets\SortedList</Filter>
    </ClCompile>
    <ClCompile Include="W_TotalCount.cpp">
      <Filter>Source Files\Widgets\TotalCount</Filter>
    </ClCompile>
    <ClCompile Include="maintenance.cpp">
      <Filter>Source Files\Menus\Maintenance</Filter>
    </ClCompile>
    <ClCompile Include="DisplaySouvenirs.cpp">
      <Filter>Source Files\Menus\Display\DisplaySouvenirs</Filter>
    </ClCompile>
    <ClCompile Include="W_SouvenirList.cpp">
      <Filter>Source Files\Widgets\SouvenirList</Filter>
    </ClCompile>
    <ClCompile Include="DisplayDistances.cpp">
      <Filter>Source Files\Menus\Display\DisplayDistances</Filter>
    </ClCompile>
    <ClCompile Include="W_DistanceList.cpp">
      <Filter>Source Files\Widgets\DistanceList</Filter>
    </ClCompile>
    <ClCompile Include="Graph.cpp">
      <Filter>Source Files\Menus\Plan\Graph</Filter>
    </ClCompile>
    <ClCompile Include="DisplayDFS.cpp">
      <Filter>Source Files\Menus\Plan\DisplayDFS</Filter>
    </ClCompile>
    <ClCompile Include="W_DFSList.cpp">
      <Filter>Source Files\Widgets\DFSList</Filter>
    </ClCompile>
    <ClCompile Include="PlanTrip.cpp">
      <Filter>Source Files\Menus\Plan\PlanTrip</Filter>
    </ClCompile>
    <ClCompile Include="W_TeamDistanceList.cpp">
      <Filter>Source Files\Widgets\TeamDistanceList</Filter>
    </ClCompile>
    <ClCompile Include="W_AddTeamSouvenirs.cpp">
      <Filter>Source Files\Widgets\AddTeamSouvenirs</Filter>
    </ClCompile>
    <ClCompile Include="W_NewSouvenir.cpp">
      <Filter>Source Files\Widgets\AddTeamSouvenirs\W_NewSouvenir</Filter>
    </ClCompile>
    <ClCompile Include="W_SelectSouvenir.cpp">
      <Filter>Source Files\Widgets\AddTeamSouvenirs\W_SelectSouvenir</Filter>
    </ClCompile>
    <ClCompile Include="TeamToggle.cpp">
      <Filter>Source Files\Widgets\TeamToggle</Filter>
    </ClCompile>
    <ClCompile Include="DisplayBFS.cpp">
      <Filter>Source Files\Menus\Plan\DisplayBFS</Filter>
    </ClCompile>
    <ClCompile Include="W_BFSList.cpp">
      <Filter>Source Files\Widgets\BFSList</Filter>
    </ClCompile>
    <ClCompile Include="login.cpp">
      <Filter>Source Files\Menus\Maintenance</Filter>
    </ClCompile>
  </ItemGroup>
  <ItemGroup>
    <QtRcc Include="NFLProject.qrc">
      <Filter>Source Files\Menus\Main</Filter>
    </QtRcc>
  </ItemGroup>
  <ItemGroup>
    <QtUic Include="NFLProject.ui">
      <Filter>Source Files\Menus\Main</Filter>
    </QtUic>
    <QtUic Include="W_TeamsList.ui">
      <Filter>Source Files\Widgets\TeamsList</Filter>
    </QtUic>
    <QtUic Include="DisplayTeams.ui">
      <Filter>Source Files\Menus\Display\DisplayTeams</Filter>
    </QtUic>
    <QtUic Include="DisplaySorted.ui">
      <Filter>Source Files\Menus\Display\DisplaySorted</Filter>
    </QtUic>
    <QtUic Include="W_SortedList.ui">
      <Filter>Source Files\Widgets\SortedList</Filter>
    </QtUic>
    <QtUic Include="DisplaySouvenirs.ui">
      <Filter>Source Files\Menus\Display\DisplaySouvenirs</Filter>
    </QtUic>
    <QtUic Include="W_SouvenirList.ui">
      <Filter>Source Files\Widgets\SouvenirList</Filter>
    </QtUic>
    <QtUic Include="W_TotalCount.ui">
      <Filter>Source Files\Widgets\TotalCount</Filter>
    </QtUic>
    <QtUic Include="maintenance.ui">
      <Filter>Source Files\Menus\Maintenance</Filter>
    </QtUic>
    <QtUic Include="DisplayDistances.ui">
      <Filter>Source Files\Menus\Display\DisplayDistances</Filter>
    </QtUic>
    <QtUic Include="W_DistanceList.ui">
      <Filter>Source Files\Widgets\DistanceList</Filter>
    </QtUic>
    <QtUic Include="DisplayDFS.ui">
      <Filter>Source Files\Menus\Plan\DisplayDFS</Filter>
    </QtUic>
    <QtUic Include="W_DFSList.ui">
      <Filter>Source Files\Widgets\DFSList</Filter>
    </QtUic>
    <QtUic Include="PlanTrip.ui">
      <Filter>Source Files\Menus\Plan\PlanTrip</Filter>
    </QtUic>
    <QtUic Include="W_TeamDistanceList.ui">
      <Filter>Source Files\Widgets\TeamDistanceList</Filter>
    </QtUic>
    <QtUic Include="W_AddTeamSouvenirs.ui">
      <Filter>Source Files\Widgets\AddTeamSouvenirs</Filter>
    </QtUic>
    <QtUic Include="W_NewSouvenir.ui">
      <Filter>Source Files\Widgets\AddTeamSouvenirs\W_NewSouvenir</Filter>
    </QtUic>
    <QtUic Include="W_SelectSouvenir.ui">
      <Filter>Source Files\Widgets\AddTeamSouvenirs\W_SelectSouvenir</Filter>
    </QtUic>
    <QtUic Include="TeamToggle.ui">
      <Filter>Source Files\Widgets\TeamToggle</Filter>
    </QtUic>
    <QtUic Include="DisplayBFS.ui">
      <Filter>Source Files\Menus\Plan\DisplayBFS</Filter>
    </QtUic>
    <QtUic Include="login.ui">
      <Filter>Source Files\Menus\Maintenance</Filter>
    </QtUic>
    <QtUic Include="W_BFSList.ui">
      <Filter>Source Files\Widgets\BFSList</Filter>
    </QtUic>
  </ItemGroup>
  <ItemGroup>
    <ClInclude Include="Team.h">
      <Filter>Source Files\Structs</Filter>
    </ClInclude>
    <ClInclude Include="Database.h">
      <Filter>Source Files\Database</Filter>
    </ClInclude>
    <ClInclude Include="Stadium.h">
      <Filter>Source Files\Structs</Filter>
    </ClInclude>
    <ClInclude Include="resource.h" />
    <ClInclude Include="Map.h">
      <Filter>Source Files\Database</Filter>
    </ClInclude>
    <ClInclude Include="Souvenir.h">
      <Filter>Source Files\Structs</Filter>
    </ClInclude>
    <ClInclude Include="Distance.h">
      <Filter>Source Files\Structs</Filter>
    </ClInclude>
    <ClInclude Include="Graph.h">
      <Filter>Source Files\Menus\Plan\Graph</Filter>
    </ClInclude>
  </ItemGroup>
  <ItemGroup>
    <QtMoc Include="NFLProject.h">
      <Filter>Source Files\Menus\Main</Filter>
    </QtMoc>
    <QtMoc Include="W_TeamsList.h">
      <Filter>Source Files\Widgets\TeamsList</Filter>
    </QtMoc>
    <QtMoc Include="DisplayTeams.h">
      <Filter>Source Files\Menus\Display\DisplayTeams</Filter>
    </QtMoc>
    <QtMoc Include="DisplaySorted.h">
      <Filter>Source Files\Menus\Display\DisplaySorted</Filter>
    </QtMoc>
    <QtMoc Include="W_SortedList.h">
      <Filter>Source Files\Widgets\SortedList</Filter>
    </QtMoc>
    <QtMoc Include="W_TotalCount.h">
      <Filter>Source Files\Widgets\TotalCount</Filter>
    </QtMoc>
    <QtMoc Include="maintenance.h">
      <Filter>Source Files\Menus\Maintenance</Filter>
    </QtMoc>
    <QtMoc Include="DisplaySouvenirs.h">
      <Filter>Source Files\Menus\Display\DisplaySouvenirs</Filter>
    </QtMoc>
    <QtMoc Include="W_SouvenirList.h">
      <Filter>Source Files\Widgets\SouvenirList</Filter>
    </QtMoc>
    <QtMoc Include="DisplayDistances.h">
      <Filter>Source Files\Menus\Display\DisplayDistances</Filter>
    </QtMoc>
    <QtMoc Include="W_DistanceList.h">
      <Filter>Source Files\Widgets\DistanceList</Filter>
    </QtMoc>
    <QtMoc Include="DisplayDFS.h">
      <Filter>Source Files\Menus\Plan\DisplayDFS</Filter>
    </QtMoc>
    <QtMoc Include="W_DFSList.h">
      <Filter>Source Files\Widgets\DFSList</Filter>
    </QtMoc>
    <QtMoc Include="PlanTrip.h">
      <Filter>Source Files\Menus\Plan\PlanTrip</Filter>
    </QtMoc>
    <QtMoc Include="W_TeamDistanceList.h">
      <Filter>Source Files\Widgets\TeamDistanceList</Filter>
    </QtMoc>
    <QtMoc Include="W_AddTeamSouvenirs.h">
      <Filter>Source Files\Widgets\AddTeamSouvenirs</Filter>
    </QtMoc>
    <QtMoc Include="W_NewSouvenir.h">
      <Filter>Source Files\Widgets\AddTeamSouvenirs\W_NewSouvenir</Filter>
    </QtMoc>
    <QtMoc Include="W_SelectSouvenir.h">
      <Filter>Source Files\Widgets\AddTeamSouvenirs\W_SelectSouvenir</Filter>
    </QtMoc>
    <QtMoc Include="TeamToggle.h">
      <Filter>Source Files\Widgets\TeamToggle</Filter>
    </QtMoc>
    <QtMoc Include="DisplayBFS.h">
      <Filter>Source Files\Menus\Plan\DisplayBFS</Filter>
    </QtMoc>
    <QtMoc Include="login.h">
      <Filter>Source Files\Menus\Maintenance</Filter>
    </QtMoc>
    <QtMoc Include="W_BFSList.h">
      <Filter>Source Files\Widgets\BFSList</Filter>
    </QtMoc>
  </ItemGroup>
  <ItemGroup>
    <ResourceCompile Include="NFLProject.rc" />
  </ItemGroup>
</Project>