<?xml version="1.0" encoding="utf-8"?>
<Project ToolsVersion="4.0" xmlns="http://schemas.microsoft.com/developer/msbuild/2003">
  <ItemGroup>
    <Filter Include="Source Files">
      <UniqueIdentifier>{4FC737F1-C7A5-4376-A066-2A32D752A2FF}</UniqueIdentifier>
      <Extensions>qml;cpp;c;cc;cxx;def;odl;idl;hpj;bat;asm;asmx</Extensions>
    </Filter>
    <Filter Include="Source Files\Menus">
      <UniqueIdentifier>{b649deb1-4474-4da8-b03b-8f36b8db8850}</UniqueIdentifier>
    </Filter>
    <Filter Include="Source Files\Menus\Main">
      <UniqueIdentifier>{c35134cf-7831-4e3d-8164-887ff22e1878}</UniqueIdentifier>
    </Filter>
    <Filter Include="Source Files\Database">
      <UniqueIdentifier>{b8e52f61-c85d-4e45-861a-eb3878ed43f5}</UniqueIdentifier>
    </Filter>
    <Filter Include="Source Files\Structs">
      <UniqueIdentifier>{78a82e05-a12a-4b2c-95ab-1a21798ec958}</UniqueIdentifier>
    </Filter>
    <Filter Include="Header Files">
      <UniqueIdentifier>{32a1990c-98e5-47fd-a41c-65b5eae3dfac}</UniqueIdentifier>
    </Filter>
    <Filter Include="Source Files\Menus\Display">
      <UniqueIdentifier>{de58029d-b9e9-4c25-8d8f-94f004e9dab1}</UniqueIdentifier>
    </Filter>
    <Filter Include="Source Files\Menus\Maintenance">
      <UniqueIdentifier>{9544ed5f-1a2c-4e1b-8336-5cc56b4b2a87}</UniqueIdentifier>
    </Filter>
    <Filter Include="Source Files\Menus\Plan">
      <UniqueIdentifier>{4ef40faf-80ab-4c97-a3d2-d1cd3d8083ad}</UniqueIdentifier>
    </Filter>
    <Filter Include="Source Files\Menus\Display\DisplayTeams">
      <UniqueIdentifier>{242509d0-b84b-480e-90e6-13617f0c1799}</UniqueIdentifier>
    </Filter>
    <Filter Include="Source Files\Widgets">
      <UniqueIdentifier>{0cc3b82a-d29f-427d-9d7c-0ab389dee39e}</UniqueIdentifier>
    </Filter>
    <Filter Include="Source Files\Widgets\TeamList">
      <UniqueIdentifier>{c51ebb49-fe4a-4d01-bff5-3cdee055fb22}</UniqueIdentifier>
    </Filter>
    <Filter Include="Source Files\Menus\Display\DisplaySorted">
      <UniqueIdentifier>{22e47260-15d5-4b4c-b26c-1e4e13fa3bf4}</UniqueIdentifier>
    </Filter>
    <Filter Include="Source Files\Widgets\SortedList">
      <UniqueIdentifier>{3bb088c6-6c4f-45ea-b6f3-7a149f0d5d93}</UniqueIdentifier>
    </Filter>
    <Filter Include="Source Files\Widgets\TotalCount">
      <UniqueIdentifier>{8e8f19c8-bc6c-4096-867b-d6bd8a2bceb4}</UniqueIdentifier>
    </Filter>
    <Filter Include="Source Files\Menus\Display\DisplaySouvenirs">
      <UniqueIdentifier>{446a9e05-db17-4a27-a10a-4449b07cfc9d}</UniqueIdentifier>
    </Filter>
    <Filter Include="Source Files\Widgets\SouvenirList">
      <UniqueIdentifier>{fd7321e3-4fa2-446f-8de7-f72ff19436aa}</UniqueIdentifier>
    </Filter>
  </ItemGroup>
  <ItemGroup>
    <ClCompile Include="main.cpp">
      <Filter>Source Files\Menus\Main</Filter>
    </ClCompile>
    <ClCompile Include="NFLProject.cpp">
      <Filter>Source Files\Menus\Main</Filter>
    </ClCompile>
    <ClCompile Include="Database.cpp">
      <Filter>Source Files\Database</Filter>
    </ClCompile>
    <ClCompile Include="W_TeamsList.cpp">
      <Filter>Source Files\Widgets\TeamList</Filter>
    </ClCompile>
    <ClCompile Include="DisplayTeams.cpp">
      <Filter>Source Files\Menus\Display\DisplayTeams</Filter>
    </ClCompile>
    <ClCompile Include="DisplaySorted.cpp">
      <Filter>Source Files\Menus\Display\DisplaySorted</Filter>
    </ClCompile>
    <ClCompile Include="W_SortedList.cpp">
      <Filter>Source Files\Widgets\SortedList</Filter>
    </ClCompile>
    <ClCompile Include="W_TotalCount.cpp">
      <Filter>Source Files\Widgets\TotalCount</Filter>
    </ClCompile>
    <ClCompile Include="maintenance.cpp">
      <Filter>Source Files\Menus\Maintenance</Filter>
    </ClCompile>
    <ClCompile Include="DisplaySouvenirs.cpp">
      <Filter>Source Files\Menus\Display\DisplaySouvenirs</Filter>
    </ClCompile>
    <ClCompile Include="W_SouvenirList.cpp">
      <Filter>Source Files\Widgets\SouvenirList</Filter>
    </ClCompile>
  </ItemGroup>
  <ItemGroup>
    <QtRcc Include="NFLProject.qrc">
      <Filter>Source Files\Menus\Main</Filter>
    </QtRcc>
  </ItemGroup>
  <ItemGroup>
    <QtUic Include="NFLProject.ui">
      <Filter>Source Files\Menus\Main</Filter>
    </QtUic>
    <QtUic Include="W_TeamsList.ui">
      <Filter>Source Files\Widgets\TeamList</Filter>
    </QtUic>
    <QtUic Include="DisplayTeams.ui">
      <Filter>Source Files\Menus\Display\DisplayTeams</Filter>
    </QtUic>
    <QtUic Include="DisplaySorted.ui">
      <Filter>Source Files\Menus\Display\DisplaySorted</Filter>
    </QtUic>
    <QtUic Include="W_SortedList.ui">
      <Filter>Source Files\Widgets\SortedList</Filter>
    </QtUic>
    <QtUic Include="DisplaySouvenirs.ui">
      <Filter>Source Files\Menus\Display\DisplaySouvenirs</Filter>
    </QtUic>
    <QtUic Include="W_SouvenirList.ui">
      <Filter>Source Files\Widgets\SouvenirList</Filter>
    </QtUic>
    <QtUic Include="W_TotalCount.ui">
      <Filter>Source Files\Widgets\TotalCount</Filter>
    </QtUic>
    <QtUic Include="maintenance.ui">
      <Filter>Source Files\Menus\Maintenance</Filter>
    </QtUic>
  </ItemGroup>
  <ItemGroup>
    <ClInclude Include="Team.h">
      <Filter>Source Files\Structs</Filter>
    </ClInclude>
    <ClInclude Include="Database.h">
      <Filter>Source Files\Database</Filter>
    </ClInclude>
    <ClInclude Include="Stadium.h">
      <Filter>Source Files\Structs</Filter>
    </ClInclude>
    <ClInclude Include="resource.h" />
    <ClInclude Include="Map.h">
      <Filter>Source Files\Database</Filter>
    </ClInclude>
    <ClInclude Include="Souvenir.h">
      <Filter>Source Files\Structs</Filter>
    </ClInclude>
  </ItemGroup>
  <ItemGroup>
    <QtMoc Include="NFLProject.h">
      <Filter>Source Files\Menus\Main</Filter>
    </QtMoc>
    <QtMoc Include="W_TeamsList.h">
      <Filter>Source Files\Widgets\TeamList</Filter>
    </QtMoc>
    <QtMoc Include="DisplayTeams.h">
      <Filter>Source Files\Menus\Display\DisplayTeams</Filter>
    </QtMoc>
    <QtMoc Include="DisplaySorted.h">
      <Filter>Source Files\Menus\Display\DisplaySorted</Filter>
    </QtMoc>
    <QtMoc Include="W_SortedList.h">
      <Filter>Source Files\Widgets\SortedList</Filter>
    </QtMoc>
    <QtMoc Include="W_TotalCount.h">
      <Filter>Source Files\Widgets\TotalCount</Filter>
    </QtMoc>
    <QtMoc Include="maintenance.h">
      <Filter>Source Files\Menus\Maintenance</Filter>
    </QtMoc>
    <QtMoc Include="DisplaySouvenirs.h">
      <Filter>Source Files\Menus\Display\DisplaySouvenirs</Filter>
    </QtMoc>
    <QtMoc Include="W_SouvenirList.h">
      <Filter>Source Files\Widgets\SouvenirList</Filter>
    </QtMoc>
  </ItemGroup>
  <ItemGroup>
    <ResourceCompile Include="NFLProject.rc" />
  </ItemGroup>
</Project>